
Microsoft Visual Studio Solution File, Format Version 12.00
# Visual Studio Version 17
VisualStudioVersion = 17.11.35222.181
MinimumVisualStudioVersion = 10.0.40219.1
Project("{FAE04EC0-301F-11D3-BF4B-00C04F79EFBC}") = "SOAPMathsService", "SOAPMathsService\SOAPMathsService.csproj", "{201D1923-754B-45C6-832A-6971E397DCC6}"
EndProject
Project("{FAE04EC0-301F-11D3-BF4B-00C04F79EFBC}") = "SOAPMathsServiceConsumerWebApp", "SOAPMathsServiceConsumerWebApp\SOAPMathsServiceConsumerWebApp.csproj", "{30857B4C-C865-4A0D-B6DC-31377559F53D}"
EndProject
Global
	GlobalSection(SolutionConfigurationPlatforms) = preSolution
		Debug|Any CPU = Debug|Any CPU
		Release|Any CPU = Release|Any CPU
	EndGlobalSection
	GlobalSection(ProjectConfigurationPlatforms) = postSolution
		{201D1923-754B-45C6-832A-6971E397DCC6}.Debug|Any CPU.ActiveCfg = Debug|Any CPU
		{201D1923-754B-45C6-832A-6971E397DCC6}.Debug|Any CPU.Build.0 = Debug|Any CPU
		{201D1923-754B-45C6-832A-6971E397DCC6}.Release|Any CPU.ActiveCfg = Release|Any CPU
		{201D1923-754B-45C6-832A-6971E397DCC6}.Release|Any CPU.Build.0 = Release|Any CPU
		{30857B4C-C865-4A0D-B6DC-31377559F53D}.Debug|Any CPU.ActiveCfg = Debug|Any CPU
		{30857B4C-C865-4A0D-B6DC-31377559F53D}.Debug|Any CPU.Build.0 = Debug|Any CPU
		{30857B4C-C865-4A0D-B6DC-31377559F53D}.Release|Any CPU.ActiveCfg = Release|Any CPU
		{30857B4C-C865-4A0D-B6DC-31377559F53D}.Release|Any CPU.Build.0 = Release|Any CPU
	EndGlobalSection
	GlobalSection(SolutionProperties) = preSolution
		HideSolutionNode = FALSE
	EndGlobalSection
	GlobalSection(ExtensibilityGlobals) = postSolution
		SolutionGuid = {BE0AC539-AB6B-4C1E-B3F3-278BF5D1D8D2}
	EndGlobalSection
EndGlobal
